
Microsoft Visual Studio Solution File, Format Version 12.00
# Visual Studio 2017
Project("{FAE04EC0-301F-11D3-BF4B-00C04F79EFBC}") = "GLAMD-Game-Project.Plugins", "GLAMD-Game-Project.Plugins.csproj", "{712BB083-05E8-5B2F-ABC2-AC9DDAC721FA}"
EndProject
Project("{FAE04EC0-301F-11D3-BF4B-00C04F79EFBC}") = "GLAMD-Game-Project", "GLAMD-Game-Project.csproj", "{77FB1038-2B2D-0309-8F14-8552FA7BD529}"
EndProject
Global
	GlobalSection(SolutionConfigurationPlatforms) = preSolution
		Debug|Any CPU = Debug|Any CPU
		Release|Any CPU = Release|Any CPU
	EndGlobalSection
	GlobalSection(ProjectConfigurationPlatforms) = postSolution
		{712BB083-05E8-5B2F-ABC2-AC9DDAC721FA}.Debug|Any CPU.ActiveCfg = Debug|Any CPU
		{712BB083-05E8-5B2F-ABC2-AC9DDAC721FA}.Debug|Any CPU.Build.0 = Debug|Any CPU
		{712BB083-05E8-5B2F-ABC2-AC9DDAC721FA}.Release|Any CPU.ActiveCfg = Release|Any CPU
		{712BB083-05E8-5B2F-ABC2-AC9DDAC721FA}.Release|Any CPU.Build.0 = Release|Any CPU
		{77FB1038-2B2D-0309-8F14-8552FA7BD529}.Debug|Any CPU.ActiveCfg = Debug|Any CPU
		{77FB1038-2B2D-0309-8F14-8552FA7BD529}.Debug|Any CPU.Build.0 = Debug|Any CPU
		{77FB1038-2B2D-0309-8F14-8552FA7BD529}.Release|Any CPU.ActiveCfg = Release|Any CPU
		{77FB1038-2B2D-0309-8F14-8552FA7BD529}.Release|Any CPU.Build.0 = Release|Any CPU
	EndGlobalSection
	GlobalSection(SolutionProperties) = preSolution
		HideSolutionNode = FALSE
	EndGlobalSection
EndGlobal
